// !$*UTF8*$!
{
	archiveVersion = 1;
	classes = {
	};
	objectVersion = 55;
	objects = {

/* Begin PBXBuildFile section */
		01219FFF28BE64890091A852 /* AppDelegate.swift in Sources */ = {isa = PBXBuildFile; fileRef = 01219FFE28BE64890091A852 /* AppDelegate.swift */; };
		0121A00128BE64890091A852 /* SceneDelegate.swift in Sources */ = {isa = PBXBuildFile; fileRef = 0121A00028BE64890091A852 /* SceneDelegate.swift */; };
		0121A00328BE64890091A852 /* ViewController.swift in Sources */ = {isa = PBXBuildFile; fileRef = 0121A00228BE64890091A852 /* ViewController.swift */; };
		0121A00628BE64890091A852 /* Main.storyboard in Resources */ = {isa = PBXBuildFile; fileRef = 0121A00428BE64890091A852 /* Main.storyboard */; };
		0121A00828BE648B0091A852 /* Assets.xcassets in Resources */ = {isa = PBXBuildFile; fileRef = 0121A00728BE648B0091A852 /* Assets.xcassets */; };
		0121A00B28BE648B0091A852 /* LaunchScreen.storyboard in Resources */ = {isa = PBXBuildFile; fileRef = 0121A00928BE648B0091A852 /* LaunchScreen.storyboard */; };
		0121A01628BE648B0091A852 /* UICollectionViewCodeExampleTests.swift in Sources */ = {isa = PBXBuildFile; fileRef = 0121A01528BE648B0091A852 /* UICollectionViewCodeExampleTests.swift */; };
		0121A02028BE648B0091A852 /* UICollectionViewCodeExampleUITests.swift in Sources */ = {isa = PBXBuildFile; fileRef = 0121A01F28BE648B0091A852 /* UICollectionViewCodeExampleUITests.swift */; };
		0121A02228BE648B0091A852 /* UICollectionViewCodeExampleUITestsLaunchTests.swift in Sources */ = {isa = PBXBuildFile; fileRef = 0121A02128BE648B0091A852 /* UICollectionViewCodeExampleUITestsLaunchTests.swift */; };
/* End PBXBuildFile section */

/* Begin PBXContainerItemProxy section */
		0121A01228BE648B0091A852 /* PBXContainerItemProxy */ = {
			isa = PBXContainerItemProxy;
			containerPortal = 01219FF328BE64890091A852 /* Project object */;
			proxyType = 1;
			remoteGlobalIDString = 01219FFA28BE64890091A852;
			remoteInfo = UICollectionViewCodeExample;
		};
		0121A01C28BE648B0091A852 /* PBXContainerItemProxy */ = {
			isa = PBXContainerItemProxy;
			containerPortal = 01219FF328BE64890091A852 /* Project object */;
			proxyType = 1;
			remoteGlobalIDString = 01219FFA28BE64890091A852;
			remoteInfo = UICollectionViewCodeExample;
		};
/* End PBXContainerItemProxy section */

/* Begin PBXFileReference section */
		01219FFB28BE64890091A852 /* UICollectionViewCodeExample.app */ = {isa = PBXFileReference; explicitFileType = wrapper.application; includeInIndex = 0; path = UICollectionViewCodeExample.app; sourceTree = BUILT_PRODUCTS_DIR; };
		01219FFE28BE64890091A852 /* AppDelegate.swift */ = {isa = PBXFileReference; lastKnownFileType = sourcecode.swift; path = AppDelegate.swift; sourceTree = "<group>"; };
		0121A00028BE64890091A852 /* SceneDelegate.swift */ = {isa = PBXFileReference; lastKnownFileType = sourcecode.swift; path = SceneDelegate.swift; sourceTree = "<group>"; };
		0121A00228BE64890091A852 /* ViewController.swift */ = {isa = PBXFileReference; lastKnownFileType = sourcecode.swift; path = ViewController.swift; sourceTree = "<group>"; };
		0121A00528BE64890091A852 /* Base */ = {isa = PBXFileReference; lastKnownFileType = file.storyboard; name = Base; path = Base.lproj/Main.storyboard; sourceTree = "<group>"; };
		0121A00728BE648B0091A852 /* Assets.xcassets */ = {isa = PBXFileReference; lastKnownFileType = folder.assetcatalog; path = Assets.xcassets; sourceTree = "<group>"; };
		0121A00A28BE648B0091A852 /* Base */ = {isa = PBXFileReference; lastKnownFileType = file.storyboard; name = Base; path = Base.lproj/LaunchScreen.storyboard; sourceTree = "<group>"; };
		0121A00C28BE648B0091A852 /* Info.plist */ = {isa = PBXFileReference; lastKnownFileType = text.plist.xml; path = Info.plist; sourceTree = "<group>"; };
		0121A01128BE648B0091A852 /* UICollectionViewCodeExampleTests.xctest */ = {isa = PBXFileReference; explicitFileType = wrapper.cfbundle; includeInIndex = 0; path = UICollectionViewCodeExampleTests.xctest; sourceTree = BUILT_PRODUCTS_DIR; };
		0121A01528BE648B0091A852 /* UICollectionViewCodeExampleTests.swift */ = {isa = PBXFileReference; lastKnownFileType = sourcecode.swift; path = UICollectionViewCodeExampleTests.swift; sourceTree = "<group>"; };
		0121A01B28BE648B0091A852 /* UICollectionViewCodeExampleUITests.xctest */ = {isa = PBXFileReference; explicitFileType = wrapper.cfbundle; includeInIndex = 0; path = UICollectionViewCodeExampleUITests.xctest; sourceTree = BUILT_PRODUCTS_DIR; };
		0121A01F28BE648B0091A852 /* UICollectionViewCodeExampleUITests.swift */ = {isa = PBXFileReference; lastKnownFileType = sourcecode.swift; path = UICollectionViewCodeExampleUITests.swift; sourceTree = "<group>"; };
		0121A02128BE648B0091A852 /* UICollectionViewCodeExampleUITestsLaunchTests.swift */ = {isa = PBXFileReference; lastKnownFileType = sourcecode.swift; path = UICollectionViewCodeExampleUITestsLaunchTests.swift; sourceTree = "<group>"; };
/* End PBXFileReference section */

/* Begin PBXFrameworksBuildPhase section */
		01219FF828BE64890091A852 /* Frameworks */ = {
			isa = PBXFrameworksBuildPhase;
			buildActionMask = 2147483647;
			files = (
			);
			runOnlyForDeploymentPostprocessing = 0;
		};
		0121A00E28BE648B0091A852 /* Frameworks */ = {
			isa = PBXFrameworksBuildPhase;
			buildActionMask = 2147483647;
			files = (
			);
			runOnlyForDeploymentPostprocessing = 0;
		};
		0121A01828BE648B0091A852 /* Frameworks */ = {
			isa = PBXFrameworksBuildPhase;
			buildActionMask = 2147483647;
			files = (
			);
			runOnlyForDeploymentPostprocessing = 0;
		};
/* End PBXFrameworksBuildPhase section */

/* Begin PBXGroup section */
		01219FF228BE64890091A852 = {
			isa = PBXGroup;
			children = (
				01219FFD28BE64890091A852 /* UICollectionViewCodeExample */,
				0121A01428BE648B0091A852 /* UICollectionViewCodeExampleTests */,
				0121A01E28BE648B0091A852 /* UICollectionViewCodeExampleUITests */,
				01219FFC28BE64890091A852 /* Products */,
			);
			sourceTree = "<group>";
		};
		01219FFC28BE64890091A852 /* Products */ = {
			isa = PBXGroup;
			children = (
				01219FFB28BE64890091A852 /* UICollectionViewCodeExample.app */,
				0121A01128BE648B0091A852 /* UICollectionViewCodeExampleTests.xctest */,
				0121A01B28BE648B0091A852 /* UICollectionViewCodeExampleUITests.xctest */,
			);
			name = Products;
			sourceTree = "<group>";
		};
		01219FFD28BE64890091A852 /* UICollectionViewCodeExample */ = {
			isa = PBXGroup;
			children = (
				01219FFE28BE64890091A852 /* AppDelegate.swift */,
				0121A00028BE64890091A852 /* SceneDelegate.swift */,
				0121A00228BE64890091A852 /* ViewController.swift */,
				0121A00428BE64890091A852 /* Main.storyboard */,
				0121A00728BE648B0091A852 /* Assets.xcassets */,
				0121A00928BE648B0091A852 /* LaunchScreen.storyboard */,
				0121A00C28BE648B0091A852 /* Info.plist */,
			);
			path = UICollectionViewCodeExample;
			sourceTree = "<group>";
		};
		0121A01428BE648B0091A852 /* UICollectionViewCodeExampleTests */ = {
			isa = PBXGroup;
			children = (
				0121A01528BE648B0091A852 /* UICollectionViewCodeExampleTests.swift */,
			);
			path = UICollectionViewCodeExampleTests;
			sourceTree = "<group>";
		};
		0121A01E28BE648B0091A852 /* UICollectionViewCodeExampleUITests */ = {
			isa = PBXGroup;
			children = (
				0121A01F28BE648B0091A852 /* UICollectionViewCodeExampleUITests.swift */,
				0121A02128BE648B0091A852 /* UICollectionViewCodeExampleUITestsLaunchTests.swift */,
			);
			path = UICollectionViewCodeExampleUITests;
			sourceTree = "<group>";
		};
/* End PBXGroup section */

/* Begin PBXNativeTarget section */
		01219FFA28BE64890091A852 /* UICollectionViewCodeExample */ = {
			isa = PBXNativeTarget;
			buildConfigurationList = 0121A02528BE648B0091A852 /* Build configuration list for PBXNativeTarget "UICollectionViewCodeExample" */;
			buildPhases = (
				01219FF728BE64890091A852 /* Sources */,
				01219FF828BE64890091A852 /* Frameworks */,
				01219FF928BE64890091A852 /* Resources */,
			);
			buildRules = (
			);
			dependencies = (
			);
			name = UICollectionViewCodeExample;
			productName = UICollectionViewCodeExample;
			productReference = 01219FFB28BE64890091A852 /* UICollectionViewCodeExample.app */;
			productType = "com.apple.product-type.application";
		};
		0121A01028BE648B0091A852 /* UICollectionViewCodeExampleTests */ = {
			isa = PBXNativeTarget;
			buildConfigurationList = 0121A02828BE648B0091A852 /* Build configuration list for PBXNativeTarget "UICollectionViewCodeExampleTests" */;
			buildPhases = (
				0121A00D28BE648B0091A852 /* Sources */,
				0121A00E28BE648B0091A852 /* Frameworks */,
				0121A00F28BE648B0091A852 /* Resources */,
			);
			buildRules = (
			);
			dependencies = (
				0121A01328BE648B0091A852 /* PBXTargetDependency */,
			);
			name = UICollectionViewCodeExampleTests;
			productName = UICollectionViewCodeExampleTests;
			productReference = 0121A01128BE648B0091A852 /* UICollectionViewCodeExampleTests.xctest */;
			productType = "com.apple.product-type.bundle.unit-test";
		};
		0121A01A28BE648B0091A852 /* UICollectionViewCodeExampleUITests */ = {
			isa = PBXNativeTarget;
			buildConfigurationList = 0121A02B28BE648B0091A852 /* Build configuration list for PBXNativeTarget "UICollectionViewCodeExampleUITests" */;
			buildPhases = (
				0121A01728BE648B0091A852 /* Sources */,
				0121A01828BE648B0091A852 /* Frameworks */,
				0121A01928BE648B0091A852 /* Resources */,
			);
			buildRules = (
			);
			dependencies = (
				0121A01D28BE648B0091A852 /* PBXTargetDependency */,
			);
			name = UICollectionViewCodeExampleUITests;
			productName = UICollectionViewCodeExampleUITests;
			productReference = 0121A01B28BE648B0091A852 /* UICollectionViewCodeExampleUITests.xctest */;
			productType = "com.apple.product-type.bundle.ui-testing";
		};
/* End PBXNativeTarget section */

/* Begin PBXProject section */
		01219FF328BE64890091A852 /* Project object */ = {
			isa = PBXProject;
			attributes = {
				BuildIndependentTargetsInParallel = 1;
				LastSwiftUpdateCheck = 1340;
				LastUpgradeCheck = 1340;
				TargetAttributes = {
					01219FFA28BE64890091A852 = {
						CreatedOnToolsVersion = 13.4.1;
					};
					0121A01028BE648B0091A852 = {
						CreatedOnToolsVersion = 13.4.1;
						TestTargetID = 01219FFA28BE64890091A852;
					};
					0121A01A28BE648B0091A852 = {
						CreatedOnToolsVersion = 13.4.1;
						TestTargetID = 01219FFA28BE64890091A852;
					};
				};
			};
			buildConfigurationList = 01219FF628BE64890091A852 /* Build configuration list for PBXProject "UICollectionViewCodeExample" */;
			compatibilityVersion = "Xcode 13.0";
			developmentRegion = en;
			hasScannedForEncodings = 0;
			knownRegions = (
				en,
				Base,
			);
			mainGroup = 01219FF228BE64890091A852;
			productRefGroup = 01219FFC28BE64890091A852 /* Products */;
			projectDirPath = "";
			projectRoot = "";
			targets = (
				01219FFA28BE64890091A852 /* UICollectionViewCodeExample */,
				0121A01028BE648B0091A852 /* UICollectionViewCodeExampleTests */,
				0121A01A28BE648B0091A852 /* UICollectionViewCodeExampleUITests */,
			);
		};
/* End PBXProject section */

/* Begin PBXResourcesBuildPhase section */
		01219FF928BE64890091A852 /* Resources */ = {
			isa = PBXResourcesBuildPhase;
			buildActionMask = 2147483647;
			files = (
				0121A00B28BE648B0091A852 /* LaunchScreen.storyboard in Resources */,
				0121A00828BE648B0091A852 /* Assets.xcassets in Resources */,
				0121A00628BE64890091A852 /* Main.storyboard in Resources */,
			);
			runOnlyForDeploymentPostprocessing = 0;
		};
		0121A00F28BE648B0091A852 /* Resources */ = {
			isa = PBXResourcesBuildPhase;
			buildActionMask = 2147483647;
			files = (
			);
			runOnlyForDeploymentPostprocessing = 0;
		};
		0121A01928BE648B0091A852 /* Resources */ = {
			isa = PBXResourcesBuildPhase;
			buildActionMask = 2147483647;
			files = (
			);
			runOnlyForDeploymentPostprocessing = 0;
		};
/* End PBXResourcesBuildPhase section */

/* Begin PBXSourcesBuildPhase section */
		01219FF728BE64890091A852 /* Sources */ = {
			isa = PBXSourcesBuildPhase;
			buildActionMask = 2147483647;
			files = (
				0121A00328BE64890091A852 /* ViewController.swift in Sources */,
				01219FFF28BE64890091A852 /* AppDelegate.swift in Sources */,
				0121A00128BE64890091A852 /* SceneDelegate.swift in Sources */,
			);
			runOnlyForDeploymentPostprocessing = 0;
		};
		0121A00D28BE648B0091A852 /* Sources */ = {
			isa = PBXSourcesBuildPhase;
			buildActionMask = 2147483647;
			files = (
				0121A01628BE648B0091A852 /* UICollectionViewCodeExampleTests.swift in Sources */,
			);
			runOnlyForDeploymentPostprocessing = 0;
		};
		0121A01728BE648B0091A852 /* Sources */ = {
			isa = PBXSourcesBuildPhase;
			buildActionMask = 2147483647;
			files = (
				0121A02028BE648B0091A852 /* UICollectionViewCodeExampleUITests.swift in Sources */,
				0121A02228BE648B0091A852 /* UICollectionViewCodeExampleUITestsLaunchTests.swift in Sources */,
			);
			runOnlyForDeploymentPostprocessing = 0;
		};
/* End PBXSourcesBuildPhase section */

/* Begin PBXTargetDependency section */
		0121A01328BE648B0091A852 /* PBXTargetDependency */ = {
			isa = PBXTargetDependency;
			target = 01219FFA28BE64890091A852 /* UICollectionViewCodeExample */;
			targetProxy = 0121A01228BE648B0091A852 /* PBXContainerItemProxy */;
		};
		0121A01D28BE648B0091A852 /* PBXTargetDependency */ = {
			isa = PBXTargetDependency;
			target = 01219FFA28BE64890091A852 /* UICollectionViewCodeExample */;
			targetProxy = 0121A01C28BE648B0091A852 /* PBXContainerItemProxy */;
		};
/* End PBXTargetDependency section */

/* Begin PBXVariantGroup section */
		0121A00428BE64890091A852 /* Main.storyboard */ = {
			isa = PBXVariantGroup;
			children = (
				0121A00528BE64890091A852 /* Base */,
			);
			name = Main.storyboard;
			sourceTree = "<group>";
		};
		0121A00928BE648B0091A852 /* LaunchScreen.storyboard */ = {
			isa = PBXVariantGroup;
			children = (
				0121A00A28BE648B0091A852 /* Base */,
			);
			name = LaunchScreen.storyboard;
			sourceTree = "<group>";
		};
/* End PBXVariantGroup section */

/* Begin XCBuildConfiguration section */
		0121A02328BE648B0091A852 /* Debug */ = {
			isa = XCBuildConfiguration;
			buildSettings = {
				ALWAYS_SEARCH_USER_PATHS = NO;
				CLANG_ANALYZER_NONNULL = YES;
				CLANG_ANALYZER_NUMBER_OBJECT_CONVERSION = YES_AGGRESSIVE;
				CLANG_CXX_LANGUAGE_STANDARD = "gnu++17";
				CLANG_ENABLE_MODULES = YES;
				CLANG_ENABLE_OBJC_ARC = YES;
				CLANG_ENABLE_OBJC_WEAK = YES;
				CLANG_WARN_BLOCK_CAPTURE_AUTORELEASING = YES;
				CLANG_WARN_BOOL_CONVERSION = YES;
				CLANG_WARN_COMMA = YES;
				CLANG_WARN_CONSTANT_CONVERSION = YES;
				CLANG_WARN_DEPRECATED_OBJC_IMPLEMENTATIONS = YES;
				CLANG_WARN_DIRECT_OBJC_ISA_USAGE = YES_ERROR;
				CLANG_WARN_DOCUMENTATION_COMMENTS = YES;
				CLANG_WARN_EMPTY_BODY = YES;
				CLANG_WARN_ENUM_CONVERSION = YES;
				CLANG_WARN_INFINITE_RECURSION = YES;
				CLANG_WARN_INT_CONVERSION = YES;
				CLANG_WARN_NON_LITERAL_NULL_CONVERSION = YES;
				CLANG_WARN_OBJC_IMPLICIT_RETAIN_SELF = YES;
				CLANG_WARN_OBJC_LITERAL_CONVERSION = YES;
				CLANG_WARN_OBJC_ROOT_CLASS = YES_ERROR;
				CLANG_WARN_QUOTED_INCLUDE_IN_FRAMEWORK_HEADER = YES;
				CLANG_WARN_RANGE_LOOP_ANALYSIS = YES;
				CLANG_WARN_STRICT_PROTOTYPES = YES;
				CLANG_WARN_SUSPICIOUS_MOVE = YES;
				CLANG_WARN_UNGUARDED_AVAILABILITY = YES_AGGRESSIVE;
				CLANG_WARN_UNREACHABLE_CODE = YES;
				CLANG_WARN__DUPLICATE_METHOD_MATCH = YES;
				COPY_PHASE_STRIP = NO;
				DEBUG_INFORMATION_FORMAT = dwarf;
				ENABLE_STRICT_OBJC_MSGSEND = YES;
				ENABLE_TESTABILITY = YES;
				GCC_C_LANGUAGE_STANDARD = gnu11;
				GCC_DYNAMIC_NO_PIC = NO;
				GCC_NO_COMMON_BLOCKS = YES;
				GCC_OPTIMIZATION_LEVEL = 0;
				GCC_PREPROCESSOR_DEFINITIONS = (
					"DEBUG=1",
					"$(inherited)",
				);
				GCC_WARN_64_TO_32_BIT_CONVERSION = YES;
				GCC_WARN_ABOUT_RETURN_TYPE = YES_ERROR;
				GCC_WARN_UNDECLARED_SELECTOR = YES;
				GCC_WARN_UNINITIALIZED_AUTOS = YES_AGGRESSIVE;
				GCC_WARN_UNUSED_FUNCTION = YES;
				GCC_WARN_UNUSED_VARIABLE = YES;
				IPHONEOS_DEPLOYMENT_TARGET = 15.5;
				MTL_ENABLE_DEBUG_INFO = INCLUDE_SOURCE;
				MTL_FAST_MATH = YES;
				ONLY_ACTIVE_ARCH = YES;
				SDKROOT = iphoneos;
				SWIFT_ACTIVE_COMPILATION_CONDITIONS = DEBUG;
				SWIFT_OPTIMIZATION_LEVEL = "-Onone";
			};
			name = Debug;
		};
		0121A02428BE648B0091A852 /* Release */ = {
			isa = XCBuildConfiguration;
			buildSettings = {
				ALWAYS_SEARCH_USER_PATHS = NO;
				CLANG_ANALYZER_NONNULL = YES;
				CLANG_ANALYZER_NUMBER_OBJECT_CONVERSION = YES_AGGRESSIVE;
				CLANG_CXX_LANGUAGE_STANDARD = "gnu++17";
				CLANG_ENABLE_MODULES = YES;
				CLANG_ENABLE_OBJC_ARC = YES;
				CLANG_ENABLE_OBJC_WEAK = YES;
				CLANG_WARN_BLOCK_CAPTURE_AUTORELEASING = YES;
				CLANG_WARN_BOOL_CONVERSION = YES;
				CLANG_WARN_COMMA = YES;
				CLANG_WARN_CONSTANT_CONVERSION = YES;
				CLANG_WARN_DEPRECATED_OBJC_IMPLEMENTATIONS = YES;
				CLANG_WARN_DIRECT_OBJC_ISA_USAGE = YES_ERROR;
				CLANG_WARN_DOCUMENTATION_COMMENTS = YES;
				CLANG_WARN_EMPTY_BODY = YES;
				CLANG_WARN_ENUM_CONVERSION = YES;
				CLANG_WARN_INFINITE_RECURSION = YES;
				CLANG_WARN_INT_CONVERSION = YES;
				CLANG_WARN_NON_LITERAL_NULL_CONVERSION = YES;
				CLANG_WARN_OBJC_IMPLICIT_RETAIN_SELF = YES;
				CLANG_WARN_OBJC_LITERAL_CONVERSION = YES;
				CLANG_WARN_OBJC_ROOT_CLASS = YES_ERROR;
				CLANG_WARN_QUOTED_INCLUDE_IN_FRAMEWORK_HEADER = YES;
				CLANG_WARN_RANGE_LOOP_ANALYSIS = YES;
				CLANG_WARN_STRICT_PROTOTYPES = YES;
				CLANG_WARN_SUSPICIOUS_MOVE = YES;
				CLANG_WARN_UNGUARDED_AVAILABILITY = YES_AGGRESSIVE;
				CLANG_WARN_UNREACHABLE_CODE = YES;
				CLANG_WARN__DUPLICATE_METHOD_MATCH = YES;
				COPY_PHASE_STRIP = NO;
				DEBUG_INFORMATION_FORMAT = "dwarf-with-dsym";
				ENABLE_NS_ASSERTIONS = NO;
				ENABLE_STRICT_OBJC_MSGSEND = YES;
				GCC_C_LANGUAGE_STANDARD = gnu11;
				GCC_NO_COMMON_BLOCKS = YES;
				GCC_WARN_64_TO_32_BIT_CONVERSION = YES;
				GCC_WARN_ABOUT_RETURN_TYPE = YES_ERROR;
				GCC_WARN_UNDECLARED_SELECTOR = YES;
				GCC_WARN_UNINITIALIZED_AUTOS = YES_AGGRESSIVE;
				GCC_WARN_UNUSED_FUNCTION = YES;
				GCC_WARN_UNUSED_VARIABLE = YES;
				IPHONEOS_DEPLOYMENT_TARGET = 15.5;
				MTL_ENABLE_DEBUG_INFO = NO;
				MTL_FAST_MATH = YES;
				SDKROOT = iphoneos;
				SWIFT_COMPILATION_MODE = wholemodule;
				SWIFT_OPTIMIZATION_LEVEL = "-O";
				VALIDATE_PRODUCT = YES;
			};
			name = Release;
		};
		0121A02628BE648B0091A852 /* Debug */ = {
			isa = XCBuildConfiguration;
			buildSettings = {
				ASSETCATALOG_COMPILER_APPICON_NAME = AppIcon;
				ASSETCATALOG_COMPILER_GLOBAL_ACCENT_COLOR_NAME = AccentColor;
				CODE_SIGN_STYLE = Automatic;
				CURRENT_PROJECT_VERSION = 1;
				GENERATE_INFOPLIST_FILE = YES;
				INFOPLIST_FILE = UICollectionViewCodeExample/Info.plist;
				INFOPLIST_KEY_UIApplicationSupportsIndirectInputEvents = YES;
				INFOPLIST_KEY_UILaunchStoryboardName = LaunchScreen;
				INFOPLIST_KEY_UIMainStoryboardFile = Main;
				INFOPLIST_KEY_UISupportedInterfaceOrientations_iPad = "UIInterfaceOrientationPortrait UIInterfaceOrientationPortraitUpsideDown UIInterfaceOrientationLandscapeLeft UIInterfaceOrientationLandscapeRight";
				INFOPLIST_KEY_UISupportedInterfaceOrientations_iPhone = "UIInterfaceOrientationPortrait UIInterfaceOrientationLandscapeLeft UIInterfaceOrientationLandscapeRight";
				LD_RUNPATH_SEARCH_PATHS = (
					"$(inherited)",
					"@executable_path/Frameworks",
				);
				MARKETING_VERSION = 1.0;
				PRODUCT_BUNDLE_IDENTIFIER = com.mateszbueno.UICollectionViewCodeExample;
				PRODUCT_NAME = "$(TARGET_NAME)";
				SWIFT_EMIT_LOC_STRINGS = YES;
				SWIFT_VERSION = 5.0;
				TARGETED_DEVICE_FAMILY = "1,2";
			};
			name = Debug;
		};
		0121A02728BE648B0091A852 /* Release */ = {
			isa = XCBuildConfiguration;
			buildSettings = {
				ASSETCATALOG_COMPILER_APPICON_NAME = AppIcon;
				ASSETCATALOG_COMPILER_GLOBAL_ACCENT_COLOR_NAME = AccentColor;
				CODE_SIGN_STYLE = Automatic;
				CURRENT_PROJECT_VERSION = 1;
				GENERATE_INFOPLIST_FILE = YES;
				INFOPLIST_FILE = UICollectionViewCodeExample/Info.plist;
				INFOPLIST_KEY_UIApplicationSupportsIndirectInputEvents = YES;
				INFOPLIST_KEY_UILaunchStoryboardName = LaunchScreen;
				INFOPLIST_KEY_UIMainStoryboardFile = Main;
				INFOPLIST_KEY_UISupportedInterfaceOrientations_iPad = "UIInterfaceOrientationPortrait UIInterfaceOrientationPortraitUpsideDown UIInterfaceOrientationLandscapeLeft UIInterfaceOrientationLandscapeRight";
				INFOPLIST_KEY_UISupportedInterfaceOrientations_iPhone = "UIInterfaceOrientationPortrait UIInterfaceOrientationLandscapeLeft UIInterfaceOrientationLandscapeRight";
				LD_RUNPATH_SEARCH_PATHS = (
					"$(inherited)",
					"@executable_path/Frameworks",
				);
				MARKETING_VERSION = 1.0;
				PRODUCT_BUNDLE_IDENTIFIER = com.mateszbueno.UICollectionViewCodeExample;
				PRODUCT_NAME = "$(TARGET_NAME)";
				SWIFT_EMIT_LOC_STRINGS = YES;
				SWIFT_VERSION = 5.0;
				TARGETED_DEVICE_FAMILY = "1,2";
			};
			name = Release;
		};
		0121A02928BE648B0091A852 /* Debug */ = {
			isa = XCBuildConfiguration;
			buildSettings = {
				ALWAYS_EMBED_SWIFT_STANDARD_LIBRARIES = YES;
				BUNDLE_LOADER = "$(TEST_HOST)";
				CODE_SIGN_STYLE = Automatic;
				CURRENT_PROJECT_VERSION = 1;
				GENERATE_INFOPLIST_FILE = YES;
				IPHONEOS_DEPLOYMENT_TARGET = 15.5;
				MARKETING_VERSION = 1.0;
				PRODUCT_BUNDLE_IDENTIFIER = com.mateszbueno.UICollectionViewCodeExampleTests;
				PRODUCT_NAME = "$(TARGET_NAME)";
				SWIFT_EMIT_LOC_STRINGS = NO;
				SWIFT_VERSION = 5.0;
				TARGETED_DEVICE_FAMILY = "1,2";
				TEST_HOST = "$(BUILT_PRODUCTS_DIR)/UICollectionViewCodeExample.app/UICollectionViewCodeExample";
			};
			name = Debug;
		};
		0121A02A28BE648B0091A852 /* Release */ = {
			isa = XCBuildConfiguration;
			buildSettings = {
				ALWAYS_EMBED_SWIFT_STANDARD_LIBRARIES = YES;
				BUNDLE_LOADER = "$(TEST_HOST)";
				CODE_SIGN_STYLE = Automatic;
				CURRENT_PROJECT_VERSION = 1;
				GENERATE_INFOPLIST_FILE = YES;
				IPHONEOS_DEPLOYMENT_TARGET = 15.5;
				MARKETING_VERSION = 1.0;
				PRODUCT_BUNDLE_IDENTIFIER = com.mateszbueno.UICollectionViewCodeExampleTests;
				PRODUCT_NAME = "$(TARGET_NAME)";
				SWIFT_EMIT_LOC_STRINGS = NO;
				SWIFT_VERSION = 5.0;
				TARGETED_DEVICE_FAMILY = "1,2";
				TEST_HOST = "$(BUILT_PRODUCTS_DIR)/UICollectionViewCodeExample.app/UICollectionViewCodeExample";
			};
			name = Release;
		};
		0121A02C28BE648B0091A852 /* Debug */ = {
			isa = XCBuildConfiguration;
			buildSettings = {
				ALWAYS_EMBED_SWIFT_STANDARD_LIBRARIES = YES;
				CODE_SIGN_STYLE = Automatic;
				CURRENT_PROJECT_VERSION = 1;
				GENERATE_INFOPLIST_FILE = YES;
				MARKETING_VERSION = 1.0;
				PRODUCT_BUNDLE_IDENTIFIER = com.mateszbueno.UICollectionViewCodeExampleUITests;
				PRODUCT_NAME = "$(TARGET_NAME)";
				SWIFT_EMIT_LOC_STRINGS = NO;
				SWIFT_VERSION = 5.0;
				TARGETED_DEVICE_FAMILY = "1,2";
				TEST_TARGET_NAME = UICollectionViewCodeExample;
			};
			name = Debug;
		};
		0121A02D28BE648B0091A852 /* Release */ = {
			isa = XCBuildConfiguration;
			buildSettings = {
				ALWAYS_EMBED_SWIFT_STANDARD_LIBRARIES = YES;
				CODE_SIGN_STYLE = Automatic;
				CURRENT_PROJECT_VERSION = 1;
				GENERATE_INFOPLIST_FILE = YES;
				MARKETING_VERSION = 1.0;
				PRODUCT_BUNDLE_IDENTIFIER = com.mateszbueno.UICollectionViewCodeExampleUITests;
				PRODUCT_NAME = "$(TARGET_NAME)";
				SWIFT_EMIT_LOC_STRINGS = NO;
				SWIFT_VERSION = 5.0;
				TARGETED_DEVICE_FAMILY = "1,2";
				TEST_TARGET_NAME = UICollectionViewCodeExample;
			};
			name = Release;
		};
/* End XCBuildConfiguration section */

/* Begin XCConfigurationList section */
		01219FF628BE64890091A852 /* Build configuration list for PBXProject "UICollectionViewCodeExample" */ = {
			isa = XCConfigurationList;
			buildConfigurations = (
				0121A02328BE648B0091A852 /* Debug */,
				0121A02428BE648B0091A852 /* Release */,
			);
			defaultConfigurationIsVisible = 0;
			defaultConfigurationName = Release;
		};
		0121A02528BE648B0091A852 /* Build configuration list for PBXNativeTarget "UICollectionViewCodeExample" */ = {
			isa = XCConfigurationList;
			buildConfigurations = (
				0121A02628BE648B0091A852 /* Debug */,
				0121A02728BE648B0091A852 /* Release */,
			);
			defaultConfigurationIsVisible = 0;
			defaultConfigurationName = Release;
		};
		0121A02828BE648B0091A852 /* Build configuration list for PBXNativeTarget "UICollectionViewCodeExampleTests" */ = {
			isa = XCConfigurationList;
			buildConfigurations = (
				0121A02928BE648B0091A852 /* Debug */,
				0121A02A28BE648B0091A852 /* Release */,
			);
			defaultConfigurationIsVisible = 0;
			defaultConfigurationName = Release;
		};
		0121A02B28BE648B0091A852 /* Build configuration list for PBXNativeTarget "UICollectionViewCodeExampleUITests" */ = {
			isa = XCConfigurationList;
			buildConfigurations = (
				0121A02C28BE648B0091A852 /* Debug */,
				0121A02D28BE648B0091A852 /* Release */,
			);
			defaultConfigurationIsVisible = 0;
			defaultConfigurationName = Release;
		};
/* End XCConfigurationList section */
	};
	rootObject = 01219FF328BE64890091A852 /* Project object */;
}
